
Microsoft Visual Studio Solution File, Format Version 12.00
# Visual Studio Version 18
VisualStudioVersion = 18.0.11217.181 d18.0
MinimumVisualStudioVersion = 10.0.40219.1
Project("{FAE04EC0-301F-11D3-BF4B-00C04F79EFBC}") = "LifetimeLiveHouseWebAPI", "HatsuneMikuShopWebAPI\LifetimeLiveHouseWebAPI.csproj", "{E679FB1E-E5F2-4668-B34C-C88E9D6B0103}"
EndProject
Project("{FAE04EC0-301F-11D3-BF4B-00C04F79EFBC}") = "LifetimeLiveHouse.Access", "HatsuneMIkuShop_Access\LifetimeLiveHouse.Access.csproj", "{0E4DE97F-8CDC-4D1A-A36F-A060C9E583CB}"
EndProject
Project("{FAE04EC0-301F-11D3-BF4B-00C04F79EFBC}") = "LifetimeLiveHouse.Models", "HatsuneMIkuShop.Models\LifetimeLiveHouse.Models.csproj", "{2A760755-7451-4600-A079-2DD3B1212C0D}"
EndProject
Project("{FAE04EC0-301F-11D3-BF4B-00C04F79EFBC}") = "LifetimeLiveHousePOSWinform", "HatsuneMikuShopPOSWinform\LifetimeLiveHousePOSWinform.csproj", "{0CF95857-EE05-4167-9A63-3C0470A82F07}"
EndProject
Project("{FAE04EC0-301F-11D3-BF4B-00C04F79EFBC}") = "LifetimeLiveHouse", "HatsuneMikuMusicShop\LifetimeLiveHouse.csproj", "{ABFE3409-808C-44DF-8D0D-767844E63BD3}"
EndProject
Project("{FAE04EC0-301F-11D3-BF4B-00C04F79EFBC}") = "Common.Helpers", "Common.Helpers\Common.Helpers.csproj", "{CBCBD61E-1768-44D3-A548-88D715FBC234}"
EndProject
Global
	GlobalSection(SolutionConfigurationPlatforms) = preSolution
		Debug|Any CPU = Debug|Any CPU
		Release|Any CPU = Release|Any CPU
	EndGlobalSection
	GlobalSection(ProjectConfigurationPlatforms) = postSolution
		{E679FB1E-E5F2-4668-B34C-C88E9D6B0103}.Debug|Any CPU.ActiveCfg = Debug|Any CPU
		{E679FB1E-E5F2-4668-B34C-C88E9D6B0103}.Debug|Any CPU.Build.0 = Debug|Any CPU
		{E679FB1E-E5F2-4668-B34C-C88E9D6B0103}.Release|Any CPU.ActiveCfg = Release|Any CPU
		{E679FB1E-E5F2-4668-B34C-C88E9D6B0103}.Release|Any CPU.Build.0 = Release|Any CPU
		{0E4DE97F-8CDC-4D1A-A36F-A060C9E583CB}.Debug|Any CPU.ActiveCfg = Debug|Any CPU
		{0E4DE97F-8CDC-4D1A-A36F-A060C9E583CB}.Debug|Any CPU.Build.0 = Debug|Any CPU
		{0E4DE97F-8CDC-4D1A-A36F-A060C9E583CB}.Release|Any CPU.ActiveCfg = Release|Any CPU
		{0E4DE97F-8CDC-4D1A-A36F-A060C9E583CB}.Release|Any CPU.Build.0 = Release|Any CPU
		{2A760755-7451-4600-A079-2DD3B1212C0D}.Debug|Any CPU.ActiveCfg = Debug|Any CPU
		{2A760755-7451-4600-A079-2DD3B1212C0D}.Debug|Any CPU.Build.0 = Debug|Any CPU
		{2A760755-7451-4600-A079-2DD3B1212C0D}.Release|Any CPU.ActiveCfg = Release|Any CPU
		{2A760755-7451-4600-A079-2DD3B1212C0D}.Release|Any CPU.Build.0 = Release|Any CPU
		{0CF95857-EE05-4167-9A63-3C0470A82F07}.Debug|Any CPU.ActiveCfg = Debug|Any CPU
		{0CF95857-EE05-4167-9A63-3C0470A82F07}.Debug|Any CPU.Build.0 = Debug|Any CPU
		{0CF95857-EE05-4167-9A63-3C0470A82F07}.Release|Any CPU.ActiveCfg = Release|Any CPU
		{0CF95857-EE05-4167-9A63-3C0470A82F07}.Release|Any CPU.Build.0 = Release|Any CPU
		{ABFE3409-808C-44DF-8D0D-767844E63BD3}.Debug|Any CPU.ActiveCfg = Debug|Any CPU
		{ABFE3409-808C-44DF-8D0D-767844E63BD3}.Debug|Any CPU.Build.0 = Debug|Any CPU
		{ABFE3409-808C-44DF-8D0D-767844E63BD3}.Release|Any CPU.ActiveCfg = Release|Any CPU
		{ABFE3409-808C-44DF-8D0D-767844E63BD3}.Release|Any CPU.Build.0 = Release|Any CPU
		{CBCBD61E-1768-44D3-A548-88D715FBC234}.Debug|Any CPU.ActiveCfg = Debug|Any CPU
		{CBCBD61E-1768-44D3-A548-88D715FBC234}.Debug|Any CPU.Build.0 = Debug|Any CPU
		{CBCBD61E-1768-44D3-A548-88D715FBC234}.Release|Any CPU.ActiveCfg = Release|Any CPU
		{CBCBD61E-1768-44D3-A548-88D715FBC234}.Release|Any CPU.Build.0 = Release|Any CPU
	EndGlobalSection
	GlobalSection(SolutionProperties) = preSolution
		HideSolutionNode = FALSE
	EndGlobalSection
	GlobalSection(ExtensibilityGlobals) = postSolution
		SolutionGuid = {58E1516D-0798-4CA2-95D4-C377EE54DA3B}
	EndGlobalSection
EndGlobal
