
Microsoft Visual Studio Solution File, Format Version 12.00
# Visual Studio Version 17
VisualStudioVersion = 17.10.35013.160
MinimumVisualStudioVersion = 10.0.40219.1
Project("{FAE04EC0-301F-11D3-BF4B-00C04F79EFBC}") = "HatsuneMikuShopAPI", "HatsuneMikuShopAPI\HatsuneMikuShopAPI\HatsuneMikuShopAPI.csproj", "{6DAC51FC-BD10-6BDC-0CA1-40A5159998CB}"
EndProject
Global
	GlobalSection(SolutionConfigurationPlatforms) = preSolution
		Debug|Any CPU = Debug|Any CPU
		Release|Any CPU = Release|Any CPU
	EndGlobalSection
	GlobalSection(ProjectConfigurationPlatforms) = postSolution
		{6DAC51FC-BD10-6BDC-0CA1-40A5159998CB}.Debug|Any CPU.ActiveCfg = Debug|Any CPU
		{6DAC51FC-BD10-6BDC-0CA1-40A5159998CB}.Debug|Any CPU.Build.0 = Debug|Any CPU
		{6DAC51FC-BD10-6BDC-0CA1-40A5159998CB}.Release|Any CPU.ActiveCfg = Release|Any CPU
		{6DAC51FC-BD10-6BDC-0CA1-40A5159998CB}.Release|Any CPU.Build.0 = Release|Any CPU
	EndGlobalSection
	GlobalSection(SolutionProperties) = preSolution
		HideSolutionNode = FALSE
	EndGlobalSection
	GlobalSection(ExtensibilityGlobals) = postSolution
		SolutionGuid = {58E1516D-0798-4CA2-95D4-C377EE54DA3B}
	EndGlobalSection
EndGlobal
